// !$*UTF8*$!
{
	archiveVersion = 1;
	classes = {
	};
	objectVersion = 50;
	objects = {

/* Begin PBXBuildFile section */
		034664BE2821E4DA003DDAD3 /* AppDelegate.swift in Sources */ = {isa = PBXBuildFile; fileRef = 034664BD2821E4DA003DDAD3 /* AppDelegate.swift */; };
		034664C02821E4DA003DDAD3 /* SceneDelegate.swift in Sources */ = {isa = PBXBuildFile; fileRef = 034664BF2821E4DA003DDAD3 /* SceneDelegate.swift */; };
		034664C22821E4DA003DDAD3 /* ViewController.swift in Sources */ = {isa = PBXBuildFile; fileRef = 034664C12821E4DA003DDAD3 /* ViewController.swift */; };
		034664C52821E4DA003DDAD3 /* Main.storyboard in Resources */ = {isa = PBXBuildFile; fileRef = 034664C32821E4DA003DDAD3 /* Main.storyboard */; };
		034664C72821E4DD003DDAD3 /* Assets.xcassets in Resources */ = {isa = PBXBuildFile; fileRef = 034664C62821E4DD003DDAD3 /* Assets.xcassets */; };
		034664CA2821E4DD003DDAD3 /* LaunchScreen.storyboard in Resources */ = {isa = PBXBuildFile; fileRef = 034664C82821E4DD003DDAD3 /* LaunchScreen.storyboard */; };
/* End PBXBuildFile section */

/* Begin PBXFileReference section */
		034664BA2821E4DA003DDAD3 /* aula_projeto_extensao.app */ = {isa = PBXFileReference; explicitFileType = wrapper.application; includeInIndex = 0; path = aula_projeto_extensao.app; sourceTree = BUILT_PRODUCTS_DIR; };
		034664BD2821E4DA003DDAD3 /* AppDelegate.swift */ = {isa = PBXFileReference; lastKnownFileType = sourcecode.swift; path = AppDelegate.swift; sourceTree = "<group>"; };
		034664BF2821E4DA003DDAD3 /* SceneDelegate.swift */ = {isa = PBXFileReference; lastKnownFileType = sourcecode.swift; path = SceneDelegate.swift; sourceTree = "<group>"; };
		034664C12821E4DA003DDAD3 /* ViewController.swift */ = {isa = PBXFileReference; lastKnownFileType = sourcecode.swift; path = ViewController.swift; sourceTree = "<group>"; };
		034664C42821E4DA003DDAD3 /* Base */ = {isa = PBXFileReference; lastKnownFileType = file.storyboard; name = Base; path = Base.lproj/Main.storyboard; sourceTree = "<group>"; };
		034664C62821E4DD003DDAD3 /* Assets.xcassets */ = {isa = PBXFileReference; lastKnownFileType = folder.assetcatalog; path = Assets.xcassets; sourceTree = "<group>"; };
		034664C92821E4DD003DDAD3 /* Base */ = {isa = PBXFileReference; lastKnownFileType = file.storyboard; name = Base; path = Base.lproj/LaunchScreen.storyboard; sourceTree = "<group>"; };
		034664CB2821E4DD003DDAD3 /* Info.plist */ = {isa = PBXFileReference; lastKnownFileType = text.plist.xml; path = Info.plist; sourceTree = "<group>"; };
/* End PBXFileReference section */

/* Begin PBXFrameworksBuildPhase section */
		034664B72821E4DA003DDAD3 /* Frameworks */ = {
			isa = PBXFrameworksBuildPhase;
			buildActionMask = 2147483647;
			files = (
			);
			runOnlyForDeploymentPostprocessing = 0;
		};
/* End PBXFrameworksBuildPhase section */

/* Begin PBXGroup section */
		034664B12821E4DA003DDAD3 = {
			isa = PBXGroup;
			children = (
				034664BC2821E4DA003DDAD3 /* aula_projeto_extensao */,
				034664BB2821E4DA003DDAD3 /* Products */,
			);
			sourceTree = "<group>";
		};
		034664BB2821E4DA003DDAD3 /* Products */ = {
			isa = PBXGroup;
			children = (
				034664BA2821E4DA003DDAD3 /* aula_projeto_extensao.app */,
			);
			name = Products;
			sourceTree = "<group>";
		};
		034664BC2821E4DA003DDAD3 /* aula_projeto_extensao */ = {
			isa = PBXGroup;
			children = (
				034664BD2821E4DA003DDAD3 /* AppDelegate.swift */,
				034664BF2821E4DA003DDAD3 /* SceneDelegate.swift */,
				034664C12821E4DA003DDAD3 /* ViewController.swift */,
				034664C32821E4DA003DDAD3 /* Main.storyboard */,
				034664C62821E4DD003DDAD3 /* Assets.xcassets */,
				034664C82821E4DD003DDAD3 /* LaunchScreen.storyboard */,
				034664CB2821E4DD003DDAD3 /* Info.plist */,
			);
			path = aula_projeto_extensao;
			sourceTree = "<group>";
		};
/* End PBXGroup section */

/* Begin PBXNativeTarget section */
		034664B92821E4DA003DDAD3 /* aula_projeto_extensao */ = {
			isa = PBXNativeTarget;
			buildConfigurationList = 034664CE2821E4DD003DDAD3 /* Build configuration list for PBXNativeTarget "aula_projeto_extensao" */;
			buildPhases = (
				034664B62821E4DA003DDAD3 /* Sources */,
				034664B72821E4DA003DDAD3 /* Frameworks */,
				034664B82821E4DA003DDAD3 /* Resources */,
			);
			buildRules = (
			);
			dependencies = (
			);
			name = aula_projeto_extensao;
			productName = aula_projeto_extensao;
			productReference = 034664BA2821E4DA003DDAD3 /* aula_projeto_extensao.app */;
			productType = "com.apple.product-type.application";
		};
/* End PBXNativeTarget section */

/* Begin PBXProject section */
		034664B22821E4DA003DDAD3 /* Project object */ = {
			isa = PBXProject;
			attributes = {
				LastSwiftUpdateCheck = 1130;
				LastUpgradeCheck = 1130;
				ORGANIZATIONNAME = "Faculdade Alfa";
				TargetAttributes = {
					034664B92821E4DA003DDAD3 = {
						CreatedOnToolsVersion = 11.3.1;
					};
				};
			};
			buildConfigurationList = 034664B52821E4DA003DDAD3 /* Build configuration list for PBXProject "aula_projeto_extensao" */;
			compatibilityVersion = "Xcode 9.3";
			developmentRegion = en;
			hasScannedForEncodings = 0;
			knownRegions = (
				en,
				Base,
			);
			mainGroup = 034664B12821E4DA003DDAD3;
			productRefGroup = 034664BB2821E4DA003DDAD3 /* Products */;
			projectDirPath = "";
			projectRoot = "";
			targets = (
				034664B92821E4DA003DDAD3 /* aula_projeto_extensao */,
			);
		};
/* End PBXProject section */

/* Begin PBXResourcesBuildPhase section */
		034664B82821E4DA003DDAD3 /* Resources */ = {
			isa = PBXResourcesBuildPhase;
			buildActionMask = 2147483647;
			files = (
				034664CA2821E4DD003DDAD3 /* LaunchScreen.storyboard in Resources */,
				034664C72821E4DD003DDAD3 /* Assets.xcassets in Resources */,
				034664C52821E4DA003DDAD3 /* Main.storyboard in Resources */,
			);
			runOnlyForDeploymentPostprocessing = 0;
		};
/* End PBXResourcesBuildPhase section */

/* Begin PBXSourcesBuildPhase section */
		034664B62821E4DA003DDAD3 /* Sources */ = {
			isa = PBXSourcesBuildPhase;
			buildActionMask = 2147483647;
			files = (
				034664C22821E4DA003DDAD3 /* ViewController.swift in Sources */,
				034664BE2821E4DA003DDAD3 /* AppDelegate.swift in Sources */,
				034664C02821E4DA003DDAD3 /* SceneDelegate.swift in Sources */,
			);
			runOnlyForDeploymentPostprocessing = 0;
		};
/* End PBXSourcesBuildPhase section */

/* Begin PBXVariantGroup section */
		034664C32821E4DA003DDAD3 /* Main.storyboard */ = {
			isa = PBXVariantGroup;
			children = (
				034664C42821E4DA003DDAD3 /* Base */,
			);
			name = Main.storyboard;
			sourceTree = "<group>";
		};
		034664C82821E4DD003DDAD3 /* LaunchScreen.storyboard */ = {
			isa = PBXVariantGroup;
			children = (
				034664C92821E4DD003DDAD3 /* Base */,
			);
			name = LaunchScreen.storyboard;
			sourceTree = "<group>";
		};
/* End PBXVariantGroup section */

/* Begin XCBuildConfiguration section */
		034664CC2821E4DD003DDAD3 /* Debug */ = {
			isa = XCBuildConfiguration;
			buildSettings = {
				ALWAYS_SEARCH_USER_PATHS = NO;
				CLANG_ANALYZER_NONNULL = YES;
				CLANG_ANALYZER_NUMBER_OBJECT_CONVERSION = YES_AGGRESSIVE;
				CLANG_CXX_LANGUAGE_STANDARD = "gnu++14";
				CLANG_CXX_LIBRARY = "libc++";
				CLANG_ENABLE_MODULES = YES;
				CLANG_ENABLE_OBJC_ARC = YES;
				CLANG_ENABLE_OBJC_WEAK = YES;
				CLANG_WARN_BLOCK_CAPTURE_AUTORELEASING = YES;
				CLANG_WARN_BOOL_CONVERSION = YES;
				CLANG_WARN_COMMA = YES;
				CLANG_WARN_CONSTANT_CONVERSION = YES;
				CLANG_WARN_DEPRECATED_OBJC_IMPLEMENTATIONS = YES;
				CLANG_WARN_DIRECT_OBJC_ISA_USAGE = YES_ERROR;
				CLANG_WARN_DOCUMENTATION_COMMENTS = YES;
				CLANG_WARN_EMPTY_BODY = YES;
				CLANG_WARN_ENUM_CONVERSION = YES;
				CLANG_WARN_INFINITE_RECURSION = YES;
				CLANG_WARN_INT_CONVERSION = YES;
				CLANG_WARN_NON_LITERAL_NULL_CONVERSION = YES;
				CLANG_WARN_OBJC_IMPLICIT_RETAIN_SELF = YES;
				CLANG_WARN_OBJC_LITERAL_CONVERSION = YES;
				CLANG_WARN_OBJC_ROOT_CLASS = YES_ERROR;
				CLANG_WARN_RANGE_LOOP_ANALYSIS = YES;
				CLANG_WARN_STRICT_PROTOTYPES = YES;
				CLANG_WARN_SUSPICIOUS_MOVE = YES;
				CLANG_WARN_UNGUARDED_AVAILABILITY = YES_AGGRESSIVE;
				CLANG_WARN_UNREACHABLE_CODE = YES;
				CLANG_WARN__DUPLICATE_METHOD_MATCH = YES;
				COPY_PHASE_STRIP = NO;
				DEBUG_INFORMATION_FORMAT = dwarf;
				ENABLE_STRICT_OBJC_MSGSEND = YES;
				ENABLE_TESTABILITY = YES;
				GCC_C_LANGUAGE_STANDARD = gnu11;
				GCC_DYNAMIC_NO_PIC = NO;
				GCC_NO_COMMON_BLOCKS = YES;
				GCC_OPTIMIZATION_LEVEL = 0;
				GCC_PREPROCESSOR_DEFINITIONS = (
					"DEBUG=1",
					"$(inherited)",
				);
				GCC_WARN_64_TO_32_BIT_CONVERSION = YES;
				GCC_WARN_ABOUT_RETURN_TYPE = YES_ERROR;
				GCC_WARN_UNDECLARED_SELECTOR = YES;
				GCC_WARN_UNINITIALIZED_AUTOS = YES_AGGRESSIVE;
				GCC_WARN_UNUSED_FUNCTION = YES;
				GCC_WARN_UNUSED_VARIABLE = YES;
				IPHONEOS_DEPLOYMENT_TARGET = 13.2;
				MTL_ENABLE_DEBUG_INFO = INCLUDE_SOURCE;
				MTL_FAST_MATH = YES;
				ONLY_ACTIVE_ARCH = YES;
				SDKROOT = iphoneos;
				SWIFT_ACTIVE_COMPILATION_CONDITIONS = DEBUG;
				SWIFT_OPTIMIZATION_LEVEL = "-Onone";
			};
			name = Debug;
		};
		034664CD2821E4DD003DDAD3 /* Release */ = {
			isa = XCBuildConfiguration;
			buildSettings = {
				ALWAYS_SEARCH_USER_PATHS = NO;
				CLANG_ANALYZER_NONNULL = YES;
				CLANG_ANALYZER_NUMBER_OBJECT_CONVERSION = YES_AGGRESSIVE;
				CLANG_CXX_LANGUAGE_STANDARD = "gnu++14";
				CLANG_CXX_LIBRARY = "libc++";
				CLANG_ENABLE_MODULES = YES;
				CLANG_ENABLE_OBJC_ARC = YES;
				CLANG_ENABLE_OBJC_WEAK = YES;
				CLANG_WARN_BLOCK_CAPTURE_AUTORELEASING = YES;
				CLANG_WARN_BOOL_CONVERSION = YES;
				CLANG_WARN_COMMA = YES;
				CLANG_WARN_CONSTANT_CONVERSION = YES;
				CLANG_WARN_DEPRECATED_OBJC_IMPLEMENTATIONS = YES;
				CLANG_WARN_DIRECT_OBJC_ISA_USAGE = YES_ERROR;
				CLANG_WARN_DOCUMENTATION_COMMENTS = YES;
				CLANG_WARN_EMPTY_BODY = YES;
				CLANG_WARN_ENUM_CONVERSION = YES;
				CLANG_WARN_INFINITE_RECURSION = YES;
				CLANG_WARN_INT_CONVERSION = YES;
				CLANG_WARN_NON_LITERAL_NULL_CONVERSION = YES;
				CLANG_WARN_OBJC_IMPLICIT_RETAIN_SELF = YES;
				CLANG_WARN_OBJC_LITERAL_CONVERSION = YES;
				CLANG_WARN_OBJC_ROOT_CLASS = YES_ERROR;
				CLANG_WARN_RANGE_LOOP_ANALYSIS = YES;
				CLANG_WARN_STRICT_PROTOTYPES = YES;
				CLANG_WARN_SUSPICIOUS_MOVE = YES;
				CLANG_WARN_UNGUARDED_AVAILABILITY = YES_AGGRESSIVE;
				CLANG_WARN_UNREACHABLE_CODE = YES;
				CLANG_WARN__DUPLICATE_METHOD_MATCH = YES;
				COPY_PHASE_STRIP = NO;
				DEBUG_INFORMATION_FORMAT = "dwarf-with-dsym";
				ENABLE_NS_ASSERTIONS = NO;
				ENABLE_STRICT_OBJC_MSGSEND = YES;
				GCC_C_LANGUAGE_STANDARD = gnu11;
				GCC_NO_COMMON_BLOCKS = YES;
				GCC_WARN_64_TO_32_BIT_CONVERSION = YES;
				GCC_WARN_ABOUT_RETURN_TYPE = YES_ERROR;
				GCC_WARN_UNDECLARED_SELECTOR = YES;
				GCC_WARN_UNINITIALIZED_AUTOS = YES_AGGRESSIVE;
				GCC_WARN_UNUSED_FUNCTION = YES;
				GCC_WARN_UNUSED_VARIABLE = YES;
				IPHONEOS_DEPLOYMENT_TARGET = 13.2;
				MTL_ENABLE_DEBUG_INFO = NO;
				MTL_FAST_MATH = YES;
				SDKROOT = iphoneos;
				SWIFT_COMPILATION_MODE = wholemodule;
				SWIFT_OPTIMIZATION_LEVEL = "-O";
				VALIDATE_PRODUCT = YES;
			};
			name = Release;
		};
		034664CF2821E4DD003DDAD3 /* Debug */ = {
			isa = XCBuildConfiguration;
			buildSettings = {
				ASSETCATALOG_COMPILER_APPICON_NAME = AppIcon;
				CODE_SIGN_STYLE = Automatic;
				INFOPLIST_FILE = aula_projeto_extensao/Info.plist;
				LD_RUNPATH_SEARCH_PATHS = (
					"$(inherited)",
					"@executable_path/Frameworks",
				);
				PRODUCT_BUNDLE_IDENTIFIER = "br.com.faculdadealfa.aula-projeto-extensao";
				PRODUCT_NAME = "$(TARGET_NAME)";
				SWIFT_VERSION = 5.0;
				TARGETED_DEVICE_FAMILY = "1,2";
			};
			name = Debug;
		};
		034664D02821E4DD003DDAD3 /* Release */ = {
			isa = XCBuildConfiguration;
			buildSettings = {
				ASSETCATALOG_COMPILER_APPICON_NAME = AppIcon;
				CODE_SIGN_STYLE = Automatic;
				INFOPLIST_FILE = aula_projeto_extensao/Info.plist;
				LD_RUNPATH_SEARCH_PATHS = (
					"$(inherited)",
					"@executable_path/Frameworks",
				);
				PRODUCT_BUNDLE_IDENTIFIER = "br.com.faculdadealfa.aula-projeto-extensao";
				PRODUCT_NAME = "$(TARGET_NAME)";
				SWIFT_VERSION = 5.0;
				TARGETED_DEVICE_FAMILY = "1,2";
			};
			name = Release;
		};
/* End XCBuildConfiguration section */

/* Begin XCConfigurationList section */
		034664B52821E4DA003DDAD3 /* Build configuration list for PBXProject "aula_projeto_extensao" */ = {
			isa = XCConfigurationList;
			buildConfigurations = (
				034664CC2821E4DD003DDAD3 /* Debug */,
				034664CD2821E4DD003DDAD3 /* Release */,
			);
			defaultConfigurationIsVisible = 0;
			defaultConfigurationName = Release;
		};
		034664CE2821E4DD003DDAD3 /* Build configuration list for PBXNativeTarget "aula_projeto_extensao" */ = {
			isa = XCConfigurationList;
			buildConfigurations = (
				034664CF2821E4DD003DDAD3 /* Debug */,
				034664D02821E4DD003DDAD3 /* Release */,
			);
			defaultConfigurationIsVisible = 0;
			defaultConfigurationName = Release;
		};
/* End XCConfigurationList section */
	};
	rootObject = 034664B22821E4DA003DDAD3 /* Project object */;
}
